// !$*UTF8*$!
{
	archiveVersion = 1;
	classes = {
	};
	objectVersion = 51;
	objects = {

/* Begin PBXAggregateTarget section */
		06A5E3A5274F1BB600F9B31C /* SwiftGen */ = {
			isa = PBXAggregateTarget;
			buildConfigurationList = 06A5E3A6274F1BB600F9B31C /* Build configuration list for PBXAggregateTarget "SwiftGen" */;
			buildPhases = (
				06A5E3A9274F1BBD00F9B31C /* SwiftGen */,
			);
			dependencies = (
			);
			name = SwiftGen;
			productName = SwiftGen;
		};
/* End PBXAggregateTarget section */

/* Begin PBXBuildFile section */
		04FDF57C80CB10BF4EEB0A44 /* Pods_WalletApp.framework in Frameworks */ = {isa = PBXBuildFile; fileRef = 42F22BFFA718E069C9E68043 /* Pods_WalletApp.framework */; };
		06A5E364274F014200F9B31C /* AppDelegate.swift in Sources */ = {isa = PBXBuildFile; fileRef = 06A5E363274F014200F9B31C /* AppDelegate.swift */; };
		06A5E366274F014200F9B31C /* SceneDelegate.swift in Sources */ = {isa = PBXBuildFile; fileRef = 06A5E365274F014200F9B31C /* SceneDelegate.swift */; };
		06A5E370274F014300F9B31C /* LaunchScreen.storyboard in Resources */ = {isa = PBXBuildFile; fileRef = 06A5E36E274F014300F9B31C /* LaunchScreen.storyboard */; };
		06A5E37B274F014400F9B31C /* WalletAppTests.swift in Sources */ = {isa = PBXBuildFile; fileRef = 06A5E37A274F014400F9B31C /* WalletAppTests.swift */; };
		06A5E386274F014400F9B31C /* WalletAppUITests.swift in Sources */ = {isa = PBXBuildFile; fileRef = 06A5E385274F014400F9B31C /* WalletAppUITests.swift */; };
		06A5E396274F068900F9B31C /* WalletViewController.swift in Sources */ = {isa = PBXBuildFile; fileRef = 06A5E394274F068900F9B31C /* WalletViewController.swift */; };
		06A5E397274F068900F9B31C /* WalletViewController.xib in Resources */ = {isa = PBXBuildFile; fileRef = 06A5E395274F068900F9B31C /* WalletViewController.xib */; };
		06A5E39B274F13D100F9B31C /* Images.xcassets in Resources */ = {isa = PBXBuildFile; fileRef = 06A5E39A274F13D100F9B31C /* Images.xcassets */; };
		06A5E39D274F141300F9B31C /* Colors.xcassets in Resources */ = {isa = PBXBuildFile; fileRef = 06A5E39C274F141300F9B31C /* Colors.xcassets */; };
		06A5E3A2274F1B8700F9B31C /* Localizable.strings in Resources */ = {isa = PBXBuildFile; fileRef = 06A5E3A4274F1B8700F9B31C /* Localizable.strings */; };
		06A5E3AE274F1C2900F9B31C /* StoryboardSegues.swift in Sources */ = {isa = PBXBuildFile; fileRef = 06A5E3AA274F1C2800F9B31C /* StoryboardSegues.swift */; };
		06A5E3AF274F1C2900F9B31C /* Strings.swift in Sources */ = {isa = PBXBuildFile; fileRef = 06A5E3AB274F1C2800F9B31C /* Strings.swift */; };
		06A5E3B0274F1C2900F9B31C /* Asset.swift in Sources */ = {isa = PBXBuildFile; fileRef = 06A5E3AC274F1C2900F9B31C /* Asset.swift */; };
		06A5E3B1274F1C2900F9B31C /* StoryboardScenes.swift in Sources */ = {isa = PBXBuildFile; fileRef = 06A5E3AD274F1C2900F9B31C /* StoryboardScenes.swift */; };
		06A5E3B4274F24A300F9B31C /* TabbarUtil.swift in Sources */ = {isa = PBXBuildFile; fileRef = 06A5E3B3274F24A300F9B31C /* TabbarUtil.swift */; };
		06A5E3B7274F2A0F00F9B31C /* PaymentViewController.swift in Sources */ = {isa = PBXBuildFile; fileRef = 06A5E3B5274F2A0F00F9B31C /* PaymentViewController.swift */; };
		06A5E3B8274F2A0F00F9B31C /* PaymentViewController.xib in Resources */ = {isa = PBXBuildFile; fileRef = 06A5E3B6274F2A0F00F9B31C /* PaymentViewController.xib */; };
		06A5E3BC274F2A2000F9B31C /* MypageViewController.swift in Sources */ = {isa = PBXBuildFile; fileRef = 06A5E3BA274F2A2000F9B31C /* MypageViewController.swift */; };
		06A5E3BD274F2A2000F9B31C /* MypageViewController.xib in Resources */ = {isa = PBXBuildFile; fileRef = 06A5E3BB274F2A2000F9B31C /* MypageViewController.xib */; };
		06A5E3C1274F395700F9B31C /* UIViewExtension.swift in Sources */ = {isa = PBXBuildFile; fileRef = 06A5E3C0274F395700F9B31C /* UIViewExtension.swift */; };
		06A5E3C3274F3A3300F9B31C /* AnyObject+Then.swift in Sources */ = {isa = PBXBuildFile; fileRef = 06A5E3C2274F3A3300F9B31C /* AnyObject+Then.swift */; };
		2367B330B83681DF1B6DE597 /* Pods_WalletApp_WalletAppUITests.framework in Frameworks */ = {isa = PBXBuildFile; fileRef = BED33ED954CE75260BA1F453 /* Pods_WalletApp_WalletAppUITests.framework */; };
		24A73928F01BEE10929DCC10 /* Pods_WalletAppTests.framework in Frameworks */ = {isa = PBXBuildFile; fileRef = 197715010C7391E93B0BCB09 /* Pods_WalletAppTests.framework */; };
/* End PBXBuildFile section */

/* Begin PBXContainerItemProxy section */
		06A5E377274F014400F9B31C /* PBXContainerItemProxy */ = {
			isa = PBXContainerItemProxy;
			containerPortal = 06A5E358274F014200F9B31C /* Project object */;
			proxyType = 1;
			remoteGlobalIDString = 06A5E35F274F014200F9B31C;
			remoteInfo = WalletApp;
		};
		06A5E382274F014400F9B31C /* PBXContainerItemProxy */ = {
			isa = PBXContainerItemProxy;
			containerPortal = 06A5E358274F014200F9B31C /* Project object */;
			proxyType = 1;
			remoteGlobalIDString = 06A5E35F274F014200F9B31C;
			remoteInfo = WalletApp;
		};
/* End PBXContainerItemProxy section */

/* Begin PBXFileReference section */
		02D817895A843F425F48183A /* Pods-WalletApp.release.xcconfig */ = {isa = PBXFileReference; includeInIndex = 1; lastKnownFileType = text.xcconfig; name = "Pods-WalletApp.release.xcconfig"; path = "Target Support Files/Pods-WalletApp/Pods-WalletApp.release.xcconfig"; sourceTree = "<group>"; };
		06A5E360274F014200F9B31C /* WalletApp.app */ = {isa = PBXFileReference; explicitFileType = wrapper.application; includeInIndex = 0; path = WalletApp.app; sourceTree = BUILT_PRODUCTS_DIR; };
		06A5E363274F014200F9B31C /* AppDelegate.swift */ = {isa = PBXFileReference; lastKnownFileType = sourcecode.swift; path = AppDelegate.swift; sourceTree = "<group>"; };
		06A5E365274F014200F9B31C /* SceneDelegate.swift */ = {isa = PBXFileReference; lastKnownFileType = sourcecode.swift; path = SceneDelegate.swift; sourceTree = "<group>"; };
		06A5E36F274F014300F9B31C /* Base */ = {isa = PBXFileReference; lastKnownFileType = file.storyboard; name = Base; path = Base.lproj/LaunchScreen.storyboard; sourceTree = "<group>"; };
		06A5E371274F014300F9B31C /* Info.plist */ = {isa = PBXFileReference; lastKnownFileType = text.plist.xml; path = Info.plist; sourceTree = "<group>"; };
		06A5E376274F014400F9B31C /* WalletAppTests.xctest */ = {isa = PBXFileReference; explicitFileType = wrapper.cfbundle; includeInIndex = 0; path = WalletAppTests.xctest; sourceTree = BUILT_PRODUCTS_DIR; };
		06A5E37A274F014400F9B31C /* WalletAppTests.swift */ = {isa = PBXFileReference; lastKnownFileType = sourcecode.swift; path = WalletAppTests.swift; sourceTree = "<group>"; };
		06A5E37C274F014400F9B31C /* Info.plist */ = {isa = PBXFileReference; lastKnownFileType = text.plist.xml; path = Info.plist; sourceTree = "<group>"; };
		06A5E381274F014400F9B31C /* WalletAppUITests.xctest */ = {isa = PBXFileReference; explicitFileType = wrapper.cfbundle; includeInIndex = 0; path = WalletAppUITests.xctest; sourceTree = BUILT_PRODUCTS_DIR; };
		06A5E385274F014400F9B31C /* WalletAppUITests.swift */ = {isa = PBXFileReference; lastKnownFileType = sourcecode.swift; path = WalletAppUITests.swift; sourceTree = "<group>"; };
		06A5E387274F014400F9B31C /* Info.plist */ = {isa = PBXFileReference; lastKnownFileType = text.plist.xml; path = Info.plist; sourceTree = "<group>"; };
		06A5E394274F068900F9B31C /* WalletViewController.swift */ = {isa = PBXFileReference; lastKnownFileType = sourcecode.swift; path = WalletViewController.swift; sourceTree = "<group>"; };
		06A5E395274F068900F9B31C /* WalletViewController.xib */ = {isa = PBXFileReference; lastKnownFileType = file.xib; path = WalletViewController.xib; sourceTree = "<group>"; };
		06A5E39A274F13D100F9B31C /* Images.xcassets */ = {isa = PBXFileReference; lastKnownFileType = folder.assetcatalog; path = Images.xcassets; sourceTree = "<group>"; };
		06A5E39C274F141300F9B31C /* Colors.xcassets */ = {isa = PBXFileReference; lastKnownFileType = folder.assetcatalog; path = Colors.xcassets; sourceTree = "<group>"; };
		06A5E39F274F1AEB00F9B31C /* ja */ = {isa = PBXFileReference; lastKnownFileType = text.plist.strings; name = ja; path = ja.lproj/LaunchScreen.strings; sourceTree = "<group>"; };
		06A5E3A3274F1B8700F9B31C /* ja */ = {isa = PBXFileReference; lastKnownFileType = text.plist.strings; name = ja; path = ja.lproj/Localizable.strings; sourceTree = "<group>"; };
		06A5E3AA274F1C2800F9B31C /* StoryboardSegues.swift */ = {isa = PBXFileReference; fileEncoding = 4; lastKnownFileType = sourcecode.swift; path = StoryboardSegues.swift; sourceTree = "<group>"; };
		06A5E3AB274F1C2800F9B31C /* Strings.swift */ = {isa = PBXFileReference; fileEncoding = 4; lastKnownFileType = sourcecode.swift; path = Strings.swift; sourceTree = "<group>"; };
		06A5E3AC274F1C2900F9B31C /* Asset.swift */ = {isa = PBXFileReference; fileEncoding = 4; lastKnownFileType = sourcecode.swift; path = Asset.swift; sourceTree = "<group>"; };
		06A5E3AD274F1C2900F9B31C /* StoryboardScenes.swift */ = {isa = PBXFileReference; fileEncoding = 4; lastKnownFileType = sourcecode.swift; path = StoryboardScenes.swift; sourceTree = "<group>"; };
		06A5E3B3274F24A300F9B31C /* TabbarUtil.swift */ = {isa = PBXFileReference; lastKnownFileType = sourcecode.swift; path = TabbarUtil.swift; sourceTree = "<group>"; };
		06A5E3B5274F2A0F00F9B31C /* PaymentViewController.swift */ = {isa = PBXFileReference; lastKnownFileType = sourcecode.swift; path = PaymentViewController.swift; sourceTree = "<group>"; };
		06A5E3B6274F2A0F00F9B31C /* PaymentViewController.xib */ = {isa = PBXFileReference; lastKnownFileType = file.xib; path = PaymentViewController.xib; sourceTree = "<group>"; };
		06A5E3BA274F2A2000F9B31C /* MypageViewController.swift */ = {isa = PBXFileReference; lastKnownFileType = sourcecode.swift; path = MypageViewController.swift; sourceTree = "<group>"; };
		06A5E3BB274F2A2000F9B31C /* MypageViewController.xib */ = {isa = PBXFileReference; lastKnownFileType = file.xib; path = MypageViewController.xib; sourceTree = "<group>"; };
		06A5E3C0274F395700F9B31C /* UIViewExtension.swift */ = {isa = PBXFileReference; lastKnownFileType = sourcecode.swift; path = UIViewExtension.swift; sourceTree = "<group>"; };
		06A5E3C2274F3A3300F9B31C /* AnyObject+Then.swift */ = {isa = PBXFileReference; lastKnownFileType = sourcecode.swift; path = "AnyObject+Then.swift"; sourceTree = "<group>"; };
		197715010C7391E93B0BCB09 /* Pods_WalletAppTests.framework */ = {isa = PBXFileReference; explicitFileType = wrapper.framework; includeInIndex = 0; path = Pods_WalletAppTests.framework; sourceTree = BUILT_PRODUCTS_DIR; };
		2B783BEF5A5C00539647A9A1 /* Pods-WalletAppTests.debug.xcconfig */ = {isa = PBXFileReference; includeInIndex = 1; lastKnownFileType = text.xcconfig; name = "Pods-WalletAppTests.debug.xcconfig"; path = "Target Support Files/Pods-WalletAppTests/Pods-WalletAppTests.debug.xcconfig"; sourceTree = "<group>"; };
		3F106ABEB6DF41A0CE1B9318 /* Pods-WalletApp-WalletAppUITests.release.xcconfig */ = {isa = PBXFileReference; includeInIndex = 1; lastKnownFileType = text.xcconfig; name = "Pods-WalletApp-WalletAppUITests.release.xcconfig"; path = "Target Support Files/Pods-WalletApp-WalletAppUITests/Pods-WalletApp-WalletAppUITests.release.xcconfig"; sourceTree = "<group>"; };
		42F22BFFA718E069C9E68043 /* Pods_WalletApp.framework */ = {isa = PBXFileReference; explicitFileType = wrapper.framework; includeInIndex = 0; path = Pods_WalletApp.framework; sourceTree = BUILT_PRODUCTS_DIR; };
		514611C57001D7C224B051E1 /* Pods-WalletAppTests.release.xcconfig */ = {isa = PBXFileReference; includeInIndex = 1; lastKnownFileType = text.xcconfig; name = "Pods-WalletAppTests.release.xcconfig"; path = "Target Support Files/Pods-WalletAppTests/Pods-WalletAppTests.release.xcconfig"; sourceTree = "<group>"; };
		BED33ED954CE75260BA1F453 /* Pods_WalletApp_WalletAppUITests.framework */ = {isa = PBXFileReference; explicitFileType = wrapper.framework; includeInIndex = 0; path = Pods_WalletApp_WalletAppUITests.framework; sourceTree = BUILT_PRODUCTS_DIR; };
		F49F6132C7527277F390579F /* Pods-WalletApp.debug.xcconfig */ = {isa = PBXFileReference; includeInIndex = 1; lastKnownFileType = text.xcconfig; name = "Pods-WalletApp.debug.xcconfig"; path = "Target Support Files/Pods-WalletApp/Pods-WalletApp.debug.xcconfig"; sourceTree = "<group>"; };
		FFB776390D9F00B4ED0C39DC /* Pods-WalletApp-WalletAppUITests.debug.xcconfig */ = {isa = PBXFileReference; includeInIndex = 1; lastKnownFileType = text.xcconfig; name = "Pods-WalletApp-WalletAppUITests.debug.xcconfig"; path = "Target Support Files/Pods-WalletApp-WalletAppUITests/Pods-WalletApp-WalletAppUITests.debug.xcconfig"; sourceTree = "<group>"; };
/* End PBXFileReference section */

/* Begin PBXFrameworksBuildPhase section */
		06A5E35D274F014200F9B31C /* Frameworks */ = {
			isa = PBXFrameworksBuildPhase;
			buildActionMask = 2147483647;
			files = (
				04FDF57C80CB10BF4EEB0A44 /* Pods_WalletApp.framework in Frameworks */,
			);
			runOnlyForDeploymentPostprocessing = 0;
		};
		06A5E373274F014400F9B31C /* Frameworks */ = {
			isa = PBXFrameworksBuildPhase;
			buildActionMask = 2147483647;
			files = (
				24A73928F01BEE10929DCC10 /* Pods_WalletAppTests.framework in Frameworks */,
			);
			runOnlyForDeploymentPostprocessing = 0;
		};
		06A5E37E274F014400F9B31C /* Frameworks */ = {
			isa = PBXFrameworksBuildPhase;
			buildActionMask = 2147483647;
			files = (
				2367B330B83681DF1B6DE597 /* Pods_WalletApp_WalletAppUITests.framework in Frameworks */,
			);
			runOnlyForDeploymentPostprocessing = 0;
		};
/* End PBXFrameworksBuildPhase section */

/* Begin PBXGroup section */
		06A5E357274F014200F9B31C = {
			isa = PBXGroup;
			children = (
				06A5E362274F014200F9B31C /* WalletApp */,
				06A5E379274F014400F9B31C /* WalletAppTests */,
				06A5E384274F014400F9B31C /* WalletAppUITests */,
				06A5E361274F014200F9B31C /* Products */,
				6CCC20D338DB6B77D6B6C3F3 /* Pods */,
				DE1605F1D3A660C189411A0F /* Frameworks */,
			);
			sourceTree = "<group>";
		};
		06A5E361274F014200F9B31C /* Products */ = {
			isa = PBXGroup;
			children = (
				06A5E360274F014200F9B31C /* WalletApp.app */,
				06A5E376274F014400F9B31C /* WalletAppTests.xctest */,
				06A5E381274F014400F9B31C /* WalletAppUITests.xctest */,
			);
			name = Products;
			sourceTree = "<group>";
		};
		06A5E362274F014200F9B31C /* WalletApp */ = {
			isa = PBXGroup;
			children = (
				06A5E363274F014200F9B31C /* AppDelegate.swift */,
				06A5E365274F014200F9B31C /* SceneDelegate.swift */,
				06A5E39E274F144100F9B31C /* Generated */,
				06A5E398274F06A300F9B31C /* Resource */,
				06A5E3BF274F394600F9B31C /* Extensions */,
				06A5E3B2274F248D00F9B31C /* Utils */,
				06A5E393274F066B00F9B31C /* UserInterface */,
				06A5E36E274F014300F9B31C /* LaunchScreen.storyboard */,
				06A5E371274F014300F9B31C /* Info.plist */,
			);
			path = WalletApp;
			sourceTree = "<group>";
		};
		06A5E379274F014400F9B31C /* WalletAppTests */ = {
			isa = PBXGroup;
			children = (
				06A5E37A274F014400F9B31C /* WalletAppTests.swift */,
				06A5E37C274F014400F9B31C /* Info.plist */,
			);
			path = WalletAppTests;
			sourceTree = "<group>";
		};
		06A5E384274F014400F9B31C /* WalletAppUITests */ = {
			isa = PBXGroup;
			children = (
				06A5E385274F014400F9B31C /* WalletAppUITests.swift */,
				06A5E387274F014400F9B31C /* Info.plist */,
			);
			path = WalletAppUITests;
			sourceTree = "<group>";
		};
		06A5E393274F066B00F9B31C /* UserInterface */ = {
			isa = PBXGroup;
			children = (
				06A5E399274F073700F9B31C /* Wallet */,
				06A5E3B9274F2A1400F9B31C /* Payment */,
				06A5E3BE274F2A2400F9B31C /* Mypage */,
			);
			path = UserInterface;
			sourceTree = "<group>";
		};
		06A5E398274F06A300F9B31C /* Resource */ = {
			isa = PBXGroup;
			children = (
				06A5E39A274F13D100F9B31C /* Images.xcassets */,
				06A5E39C274F141300F9B31C /* Colors.xcassets */,
				06A5E3A4274F1B8700F9B31C /* Localizable.strings */,
			);
			path = Resource;
			sourceTree = "<group>";
		};
		06A5E399274F073700F9B31C /* Wallet */ = {
			isa = PBXGroup;
			children = (
				06A5E394274F068900F9B31C /* WalletViewController.swift */,
				06A5E395274F068900F9B31C /* WalletViewController.xib */,
			);
			path = Wallet;
			sourceTree = "<group>";
		};
		06A5E39E274F144100F9B31C /* Generated */ = {
			isa = PBXGroup;
			children = (
				06A5E3AC274F1C2900F9B31C /* Asset.swift */,
				06A5E3AD274F1C2900F9B31C /* StoryboardScenes.swift */,
				06A5E3AA274F1C2800F9B31C /* StoryboardSegues.swift */,
				06A5E3AB274F1C2800F9B31C /* Strings.swift */,
			);
			path = Generated;
			sourceTree = "<group>";
		};
		06A5E3B2274F248D00F9B31C /* Utils */ = {
			isa = PBXGroup;
			children = (
				06A5E3B3274F24A300F9B31C /* TabbarUtil.swift */,
			);
			path = Utils;
			sourceTree = "<group>";
		};
		06A5E3B9274F2A1400F9B31C /* Payment */ = {
			isa = PBXGroup;
			children = (
				06A5E3B5274F2A0F00F9B31C /* PaymentViewController.swift */,
				06A5E3B6274F2A0F00F9B31C /* PaymentViewController.xib */,
			);
			path = Payment;
			sourceTree = "<group>";
		};
		06A5E3BE274F2A2400F9B31C /* Mypage */ = {
			isa = PBXGroup;
			children = (
				06A5E3BA274F2A2000F9B31C /* MypageViewController.swift */,
				06A5E3BB274F2A2000F9B31C /* MypageViewController.xib */,
			);
			path = Mypage;
			sourceTree = "<group>";
		};
		06A5E3BF274F394600F9B31C /* Extensions */ = {
			isa = PBXGroup;
			children = (
				06A5E3C2274F3A3300F9B31C /* AnyObject+Then.swift */,
				06A5E3C0274F395700F9B31C /* UIViewExtension.swift */,
			);
			path = Extensions;
			sourceTree = "<group>";
		};
		6CCC20D338DB6B77D6B6C3F3 /* Pods */ = {
			isa = PBXGroup;
			children = (
				F49F6132C7527277F390579F /* Pods-WalletApp.debug.xcconfig */,
				02D817895A843F425F48183A /* Pods-WalletApp.release.xcconfig */,
				FFB776390D9F00B4ED0C39DC /* Pods-WalletApp-WalletAppUITests.debug.xcconfig */,
				3F106ABEB6DF41A0CE1B9318 /* Pods-WalletApp-WalletAppUITests.release.xcconfig */,
				2B783BEF5A5C00539647A9A1 /* Pods-WalletAppTests.debug.xcconfig */,
				514611C57001D7C224B051E1 /* Pods-WalletAppTests.release.xcconfig */,
			);
			path = Pods;
			sourceTree = "<group>";
		};
		DE1605F1D3A660C189411A0F /* Frameworks */ = {
			isa = PBXGroup;
			children = (
				42F22BFFA718E069C9E68043 /* Pods_WalletApp.framework */,
				BED33ED954CE75260BA1F453 /* Pods_WalletApp_WalletAppUITests.framework */,
				197715010C7391E93B0BCB09 /* Pods_WalletAppTests.framework */,
			);
			name = Frameworks;
			sourceTree = "<group>";
		};
/* End PBXGroup section */

/* Begin PBXNativeTarget section */
		06A5E35F274F014200F9B31C /* WalletApp */ = {
			isa = PBXNativeTarget;
			buildConfigurationList = 06A5E38A274F014400F9B31C /* Build configuration list for PBXNativeTarget "WalletApp" */;
			buildPhases = (
				EA4944E5D2B643A6ABA56FFE /* [CP] Check Pods Manifest.lock */,
				06A5E35C274F014200F9B31C /* Sources */,
				06A5E35D274F014200F9B31C /* Frameworks */,
				06A5E35E274F014200F9B31C /* Resources */,
				E500631DB873D6C4C4C515BD /* [CP] Embed Pods Frameworks */,
			);
			buildRules = (
			);
			dependencies = (
			);
			name = WalletApp;
			productName = WalletApp;
			productReference = 06A5E360274F014200F9B31C /* WalletApp.app */;
			productType = "com.apple.product-type.application";
		};
		06A5E375274F014400F9B31C /* WalletAppTests */ = {
			isa = PBXNativeTarget;
			buildConfigurationList = 06A5E38D274F014400F9B31C /* Build configuration list for PBXNativeTarget "WalletAppTests" */;
			buildPhases = (
				595BC6A6AA42B51281E95B56 /* [CP] Check Pods Manifest.lock */,
				06A5E372274F014400F9B31C /* Sources */,
				06A5E373274F014400F9B31C /* Frameworks */,
				06A5E374274F014400F9B31C /* Resources */,
			);
			buildRules = (
			);
			dependencies = (
				06A5E378274F014400F9B31C /* PBXTargetDependency */,
			);
			name = WalletAppTests;
			productName = WalletAppTests;
			productReference = 06A5E376274F014400F9B31C /* WalletAppTests.xctest */;
			productType = "com.apple.product-type.bundle.unit-test";
		};
		06A5E380274F014400F9B31C /* WalletAppUITests */ = {
			isa = PBXNativeTarget;
			buildConfigurationList = 06A5E390274F014400F9B31C /* Build configuration list for PBXNativeTarget "WalletAppUITests" */;
			buildPhases = (
				9A322A90920376811323DE21 /* [CP] Check Pods Manifest.lock */,
				06A5E37D274F014400F9B31C /* Sources */,
				06A5E37E274F014400F9B31C /* Frameworks */,
				06A5E37F274F014400F9B31C /* Resources */,
				D63BA55777B86E00528BBF27 /* [CP] Embed Pods Frameworks */,
			);
			buildRules = (
			);
			dependencies = (
				06A5E383274F014400F9B31C /* PBXTargetDependency */,
			);
			name = WalletAppUITests;
			productName = WalletAppUITests;
			productReference = 06A5E381274F014400F9B31C /* WalletAppUITests.xctest */;
			productType = "com.apple.product-type.bundle.ui-testing";
		};
/* End PBXNativeTarget section */

/* Begin PBXProject section */
		06A5E358274F014200F9B31C /* Project object */ = {
			isa = PBXProject;
			attributes = {
				LastSwiftUpdateCheck = 1250;
				LastUpgradeCheck = 1250;
				TargetAttributes = {
					06A5E35F274F014200F9B31C = {
						CreatedOnToolsVersion = 12.5;
					};
					06A5E375274F014400F9B31C = {
						CreatedOnToolsVersion = 12.5;
						TestTargetID = 06A5E35F274F014200F9B31C;
					};
					06A5E380274F014400F9B31C = {
						CreatedOnToolsVersion = 12.5;
						TestTargetID = 06A5E35F274F014200F9B31C;
					};
					06A5E3A5274F1BB600F9B31C = {
						CreatedOnToolsVersion = 12.5;
					};
				};
			};
			buildConfigurationList = 06A5E35B274F014200F9B31C /* Build configuration list for PBXProject "WalletApp" */;
			compatibilityVersion = "Xcode 9.3";
			developmentRegion = ja;
			hasScannedForEncodings = 0;
			knownRegions = (
				ja,
				en,
				Base,
			);
			mainGroup = 06A5E357274F014200F9B31C;
			productRefGroup = 06A5E361274F014200F9B31C /* Products */;
			projectDirPath = "";
			projectRoot = "";
			targets = (
				06A5E35F274F014200F9B31C /* WalletApp */,
				06A5E375274F014400F9B31C /* WalletAppTests */,
				06A5E380274F014400F9B31C /* WalletAppUITests */,
				06A5E3A5274F1BB600F9B31C /* SwiftGen */,
			);
		};
/* End PBXProject section */

/* Begin PBXResourcesBuildPhase section */
		06A5E35E274F014200F9B31C /* Resources */ = {
			isa = PBXResourcesBuildPhase;
			buildActionMask = 2147483647;
			files = (
				06A5E3A2274F1B8700F9B31C /* Localizable.strings in Resources */,
				06A5E3BD274F2A2000F9B31C /* MypageViewController.xib in Resources */,
				06A5E370274F014300F9B31C /* LaunchScreen.storyboard in Resources */,
				06A5E39D274F141300F9B31C /* Colors.xcassets in Resources */,
				06A5E39B274F13D100F9B31C /* Images.xcassets in Resources */,
				06A5E397274F068900F9B31C /* WalletViewController.xib in Resources */,
				06A5E3B8274F2A0F00F9B31C /* PaymentViewController.xib in Resources */,
			);
			runOnlyForDeploymentPostprocessing = 0;
		};
		06A5E374274F014400F9B31C /* Resources */ = {
			isa = PBXResourcesBuildPhase;
			buildActionMask = 2147483647;
			files = (
			);
			runOnlyForDeploymentPostprocessing = 0;
		};
		06A5E37F274F014400F9B31C /* Resources */ = {
			isa = PBXResourcesBuildPhase;
			buildActionMask = 2147483647;
			files = (
			);
			runOnlyForDeploymentPostprocessing = 0;
		};
/* End PBXResourcesBuildPhase section */

/* Begin PBXShellScriptBuildPhase section */
		06A5E3A9274F1BBD00F9B31C /* SwiftGen */ = {
			isa = PBXShellScriptBuildPhase;
			buildActionMask = 2147483647;
			files = (
			);
			inputFileListPaths = (
			);
			inputPaths = (
			);
			name = SwiftGen;
			outputFileListPaths = (
				"$(SRCROOT)/Generated.xcfilelist",
			);
			outputPaths = (
			);
			runOnlyForDeploymentPostprocessing = 0;
			shellPath = /bin/sh;
			shellScript = "# Type a script or drag a script file from your workspace to insert its path.\n${SRCROOT}/Pods/SwiftGen/bin/swiftgen\n";
		};
		595BC6A6AA42B51281E95B56 /* [CP] Check Pods Manifest.lock */ = {
			isa = PBXShellScriptBuildPhase;
			buildActionMask = 2147483647;
			files = (
			);
			inputFileListPaths = (
			);
			inputPaths = (
				"${PODS_PODFILE_DIR_PATH}/Podfile.lock",
				"${PODS_ROOT}/Manifest.lock",
			);
			name = "[CP] Check Pods Manifest.lock";
			outputFileListPaths = (
			);
			outputPaths = (
				"$(DERIVED_FILE_DIR)/Pods-WalletAppTests-checkManifestLockResult.txt",
			);
			runOnlyForDeploymentPostprocessing = 0;
			shellPath = /bin/sh;
			shellScript = "diff \"${PODS_PODFILE_DIR_PATH}/Podfile.lock\" \"${PODS_ROOT}/Manifest.lock\" > /dev/null\nif [ $? != 0 ] ; then\n    # print error to STDERR\n    echo \"error: The sandbox is not in sync with the Podfile.lock. Run 'pod install' or update your CocoaPods installation.\" >&2\n    exit 1\nfi\n# This output is used by Xcode 'outputs' to avoid re-running this script phase.\necho \"SUCCESS\" > \"${SCRIPT_OUTPUT_FILE_0}\"\n";
			showEnvVarsInLog = 0;
		};
		9A322A90920376811323DE21 /* [CP] Check Pods Manifest.lock */ = {
			isa = PBXShellScriptBuildPhase;
			buildActionMask = 2147483647;
			files = (
			);
			inputFileListPaths = (
			);
			inputPaths = (
				"${PODS_PODFILE_DIR_PATH}/Podfile.lock",
				"${PODS_ROOT}/Manifest.lock",
			);
			name = "[CP] Check Pods Manifest.lock";
			outputFileListPaths = (
			);
			outputPaths = (
				"$(DERIVED_FILE_DIR)/Pods-WalletApp-WalletAppUITests-checkManifestLockResult.txt",
			);
			runOnlyForDeploymentPostprocessing = 0;
			shellPath = /bin/sh;
			shellScript = "diff \"${PODS_PODFILE_DIR_PATH}/Podfile.lock\" \"${PODS_ROOT}/Manifest.lock\" > /dev/null\nif [ $? != 0 ] ; then\n    # print error to STDERR\n    echo \"error: The sandbox is not in sync with the Podfile.lock. Run 'pod install' or update your CocoaPods installation.\" >&2\n    exit 1\nfi\n# This output is used by Xcode 'outputs' to avoid re-running this script phase.\necho \"SUCCESS\" > \"${SCRIPT_OUTPUT_FILE_0}\"\n";
			showEnvVarsInLog = 0;
		};
		D63BA55777B86E00528BBF27 /* [CP] Embed Pods Frameworks */ = {
			isa = PBXShellScriptBuildPhase;
			buildActionMask = 2147483647;
			files = (
			);
			inputFileListPaths = (
				"${PODS_ROOT}/Target Support Files/Pods-WalletApp-WalletAppUITests/Pods-WalletApp-WalletAppUITests-frameworks-${CONFIGURATION}-input-files.xcfilelist",
			);
			name = "[CP] Embed Pods Frameworks";
			outputFileListPaths = (
				"${PODS_ROOT}/Target Support Files/Pods-WalletApp-WalletAppUITests/Pods-WalletApp-WalletAppUITests-frameworks-${CONFIGURATION}-output-files.xcfilelist",
			);
			runOnlyForDeploymentPostprocessing = 0;
			shellPath = /bin/sh;
			shellScript = "\"${PODS_ROOT}/Target Support Files/Pods-WalletApp-WalletAppUITests/Pods-WalletApp-WalletAppUITests-frameworks.sh\"\n";
			showEnvVarsInLog = 0;
		};
		E500631DB873D6C4C4C515BD /* [CP] Embed Pods Frameworks */ = {
			isa = PBXShellScriptBuildPhase;
			buildActionMask = 2147483647;
			files = (
			);
			inputFileListPaths = (
				"${PODS_ROOT}/Target Support Files/Pods-WalletApp/Pods-WalletApp-frameworks-${CONFIGURATION}-input-files.xcfilelist",
			);
			name = "[CP] Embed Pods Frameworks";
			outputFileListPaths = (
				"${PODS_ROOT}/Target Support Files/Pods-WalletApp/Pods-WalletApp-frameworks-${CONFIGURATION}-output-files.xcfilelist",
			);
			runOnlyForDeploymentPostprocessing = 0;
			shellPath = /bin/sh;
			shellScript = "\"${PODS_ROOT}/Target Support Files/Pods-WalletApp/Pods-WalletApp-frameworks.sh\"\n";
			showEnvVarsInLog = 0;
		};
		EA4944E5D2B643A6ABA56FFE /* [CP] Check Pods Manifest.lock */ = {
			isa = PBXShellScriptBuildPhase;
			buildActionMask = 2147483647;
			files = (
			);
			inputFileListPaths = (
			);
			inputPaths = (
				"${PODS_PODFILE_DIR_PATH}/Podfile.lock",
				"${PODS_ROOT}/Manifest.lock",
			);
			name = "[CP] Check Pods Manifest.lock";
			outputFileListPaths = (
			);
			outputPaths = (
				"$(DERIVED_FILE_DIR)/Pods-WalletApp-checkManifestLockResult.txt",
			);
			runOnlyForDeploymentPostprocessing = 0;
			shellPath = /bin/sh;
			shellScript = "diff \"${PODS_PODFILE_DIR_PATH}/Podfile.lock\" \"${PODS_ROOT}/Manifest.lock\" > /dev/null\nif [ $? != 0 ] ; then\n    # print error to STDERR\n    echo \"error: The sandbox is not in sync with the Podfile.lock. Run 'pod install' or update your CocoaPods installation.\" >&2\n    exit 1\nfi\n# This output is used by Xcode 'outputs' to avoid re-running this script phase.\necho \"SUCCESS\" > \"${SCRIPT_OUTPUT_FILE_0}\"\n";
			showEnvVarsInLog = 0;
		};
/* End PBXShellScriptBuildPhase section */

/* Begin PBXSourcesBuildPhase section */
		06A5E35C274F014200F9B31C /* Sources */ = {
			isa = PBXSourcesBuildPhase;
			buildActionMask = 2147483647;
			files = (
				06A5E3B0274F1C2900F9B31C /* Asset.swift in Sources */,
				06A5E364274F014200F9B31C /* AppDelegate.swift in Sources */,
				06A5E3C1274F395700F9B31C /* UIViewExtension.swift in Sources */,
				06A5E366274F014200F9B31C /* SceneDelegate.swift in Sources */,
				06A5E3C3274F3A3300F9B31C /* AnyObject+Then.swift in Sources */,
				06A5E3B1274F1C2900F9B31C /* StoryboardScenes.swift in Sources */,
				06A5E3AF274F1C2900F9B31C /* Strings.swift in Sources */,
				06A5E3BC274F2A2000F9B31C /* MypageViewController.swift in Sources */,
				06A5E3B4274F24A300F9B31C /* TabbarUtil.swift in Sources */,
				06A5E3AE274F1C2900F9B31C /* StoryboardSegues.swift in Sources */,
				06A5E3B7274F2A0F00F9B31C /* PaymentViewController.swift in Sources */,
				06A5E396274F068900F9B31C /* WalletViewController.swift in Sources */,
			);
			runOnlyForDeploymentPostprocessing = 0;
		};
		06A5E372274F014400F9B31C /* Sources */ = {
			isa = PBXSourcesBuildPhase;
			buildActionMask = 2147483647;
			files = (
				06A5E37B274F014400F9B31C /* WalletAppTests.swift in Sources */,
			);
			runOnlyForDeploymentPostprocessing = 0;
		};
		06A5E37D274F014400F9B31C /* Sources */ = {
			isa = PBXSourcesBuildPhase;
			buildActionMask = 2147483647;
			files = (
				06A5E386274F014400F9B31C /* WalletAppUITests.swift in Sources */,
			);
			runOnlyForDeploymentPostprocessing = 0;
		};
/* End PBXSourcesBuildPhase section */

/* Begin PBXTargetDependency section */
		06A5E378274F014400F9B31C /* PBXTargetDependency */ = {
			isa = PBXTargetDependency;
			target = 06A5E35F274F014200F9B31C /* WalletApp */;
			targetProxy = 06A5E377274F014400F9B31C /* PBXContainerItemProxy */;
		};
		06A5E383274F014400F9B31C /* PBXTargetDependency */ = {
			isa = PBXTargetDependency;
			target = 06A5E35F274F014200F9B31C /* WalletApp */;
			targetProxy = 06A5E382274F014400F9B31C /* PBXContainerItemProxy */;
		};
/* End PBXTargetDependency section */

/* Begin PBXVariantGroup section */
		06A5E36E274F014300F9B31C /* LaunchScreen.storyboard */ = {
			isa = PBXVariantGroup;
			children = (
				06A5E36F274F014300F9B31C /* Base */,
				06A5E39F274F1AEB00F9B31C /* ja */,
			);
			name = LaunchScreen.storyboard;
			sourceTree = "<group>";
		};
		06A5E3A4274F1B8700F9B31C /* Localizable.strings */ = {
			isa = PBXVariantGroup;
			children = (
				06A5E3A3274F1B8700F9B31C /* ja */,
			);
			name = Localizable.strings;
			sourceTree = "<group>";
		};
/* End PBXVariantGroup section */

/* Begin XCBuildConfiguration section */
		06A5E388274F014400F9B31C /* Debug */ = {
			isa = XCBuildConfiguration;
			buildSettings = {
				ALWAYS_SEARCH_USER_PATHS = NO;
				CLANG_ANALYZER_LOCALIZABILITY_NONLOCALIZED = YES;
				CLANG_ANALYZER_NONNULL = YES;
				CLANG_ANALYZER_NUMBER_OBJECT_CONVERSION = YES_AGGRESSIVE;
				CLANG_CXX_LANGUAGE_STANDARD = "gnu++14";
				CLANG_CXX_LIBRARY = "libc++";
				CLANG_ENABLE_MODULES = YES;
				CLANG_ENABLE_OBJC_ARC = YES;
				CLANG_ENABLE_OBJC_WEAK = YES;
				CLANG_WARN_BLOCK_CAPTURE_AUTORELEASING = YES;
				CLANG_WARN_BOOL_CONVERSION = YES;
				CLANG_WARN_COMMA = YES;
				CLANG_WARN_CONSTANT_CONVERSION = YES;
				CLANG_WARN_DEPRECATED_OBJC_IMPLEMENTATIONS = YES;
				CLANG_WARN_DIRECT_OBJC_ISA_USAGE = YES_ERROR;
				CLANG_WARN_DOCUMENTATION_COMMENTS = YES;
				CLANG_WARN_EMPTY_BODY = YES;
				CLANG_WARN_ENUM_CONVERSION = YES;
				CLANG_WARN_INFINITE_RECURSION = YES;
				CLANG_WARN_INT_CONVERSION = YES;
				CLANG_WARN_NON_LITERAL_NULL_CONVERSION = YES;
				CLANG_WARN_OBJC_IMPLICIT_RETAIN_SELF = YES;
				CLANG_WARN_OBJC_LITERAL_CONVERSION = YES;
				CLANG_WARN_OBJC_ROOT_CLASS = YES_ERROR;
				CLANG_WARN_QUOTED_INCLUDE_IN_FRAMEWORK_HEADER = YES;
				CLANG_WARN_RANGE_LOOP_ANALYSIS = YES;
				CLANG_WARN_STRICT_PROTOTYPES = YES;
				CLANG_WARN_SUSPICIOUS_MOVE = YES;
				CLANG_WARN_UNGUARDED_AVAILABILITY = YES_AGGRESSIVE;
				CLANG_WARN_UNREACHABLE_CODE = YES;
				CLANG_WARN__DUPLICATE_METHOD_MATCH = YES;
				COPY_PHASE_STRIP = NO;
				DEBUG_INFORMATION_FORMAT = dwarf;
				ENABLE_STRICT_OBJC_MSGSEND = YES;
				ENABLE_TESTABILITY = YES;
				GCC_C_LANGUAGE_STANDARD = gnu11;
				GCC_DYNAMIC_NO_PIC = NO;
				GCC_NO_COMMON_BLOCKS = YES;
				GCC_OPTIMIZATION_LEVEL = 0;
				GCC_PREPROCESSOR_DEFINITIONS = (
					"DEBUG=1",
					"$(inherited)",
				);
				GCC_WARN_64_TO_32_BIT_CONVERSION = YES;
				GCC_WARN_ABOUT_RETURN_TYPE = YES_ERROR;
				GCC_WARN_UNDECLARED_SELECTOR = YES;
				GCC_WARN_UNINITIALIZED_AUTOS = YES_AGGRESSIVE;
				GCC_WARN_UNUSED_FUNCTION = YES;
				GCC_WARN_UNUSED_VARIABLE = YES;
				IPHONEOS_DEPLOYMENT_TARGET = 14.5;
				MTL_ENABLE_DEBUG_INFO = INCLUDE_SOURCE;
				MTL_FAST_MATH = YES;
				ONLY_ACTIVE_ARCH = YES;
				SDKROOT = iphoneos;
				SWIFT_ACTIVE_COMPILATION_CONDITIONS = DEBUG;
				SWIFT_OPTIMIZATION_LEVEL = "-Onone";
			};
			name = Debug;
		};
		06A5E389274F014400F9B31C /* Release */ = {
			isa = XCBuildConfiguration;
			buildSettings = {
				ALWAYS_SEARCH_USER_PATHS = NO;
				CLANG_ANALYZER_LOCALIZABILITY_NONLOCALIZED = YES;
				CLANG_ANALYZER_NONNULL = YES;
				CLANG_ANALYZER_NUMBER_OBJECT_CONVERSION = YES_AGGRESSIVE;
				CLANG_CXX_LANGUAGE_STANDARD = "gnu++14";
				CLANG_CXX_LIBRARY = "libc++";
				CLANG_ENABLE_MODULES = YES;
				CLANG_ENABLE_OBJC_ARC = YES;
				CLANG_ENABLE_OBJC_WEAK = YES;
				CLANG_WARN_BLOCK_CAPTURE_AUTORELEASING = YES;
				CLANG_WARN_BOOL_CONVERSION = YES;
				CLANG_WARN_COMMA = YES;
				CLANG_WARN_CONSTANT_CONVERSION = YES;
				CLANG_WARN_DEPRECATED_OBJC_IMPLEMENTATIONS = YES;
				CLANG_WARN_DIRECT_OBJC_ISA_USAGE = YES_ERROR;
				CLANG_WARN_DOCUMENTATION_COMMENTS = YES;
				CLANG_WARN_EMPTY_BODY = YES;
				CLANG_WARN_ENUM_CONVERSION = YES;
				CLANG_WARN_INFINITE_RECURSION = YES;
				CLANG_WARN_INT_CONVERSION = YES;
				CLANG_WARN_NON_LITERAL_NULL_CONVERSION = YES;
				CLANG_WARN_OBJC_IMPLICIT_RETAIN_SELF = YES;
				CLANG_WARN_OBJC_LITERAL_CONVERSION = YES;
				CLANG_WARN_OBJC_ROOT_CLASS = YES_ERROR;
				CLANG_WARN_QUOTED_INCLUDE_IN_FRAMEWORK_HEADER = YES;
				CLANG_WARN_RANGE_LOOP_ANALYSIS = YES;
				CLANG_WARN_STRICT_PROTOTYPES = YES;
				CLANG_WARN_SUSPICIOUS_MOVE = YES;
				CLANG_WARN_UNGUARDED_AVAILABILITY = YES_AGGRESSIVE;
				CLANG_WARN_UNREACHABLE_CODE = YES;
				CLANG_WARN__DUPLICATE_METHOD_MATCH = YES;
				COPY_PHASE_STRIP = NO;
				DEBUG_INFORMATION_FORMAT = "dwarf-with-dsym";
				ENABLE_NS_ASSERTIONS = NO;
				ENABLE_STRICT_OBJC_MSGSEND = YES;
				GCC_C_LANGUAGE_STANDARD = gnu11;
				GCC_NO_COMMON_BLOCKS = YES;
				GCC_WARN_64_TO_32_BIT_CONVERSION = YES;
				GCC_WARN_ABOUT_RETURN_TYPE = YES_ERROR;
				GCC_WARN_UNDECLARED_SELECTOR = YES;
				GCC_WARN_UNINITIALIZED_AUTOS = YES_AGGRESSIVE;
				GCC_WARN_UNUSED_FUNCTION = YES;
				GCC_WARN_UNUSED_VARIABLE = YES;
				IPHONEOS_DEPLOYMENT_TARGET = 14.5;
				MTL_ENABLE_DEBUG_INFO = NO;
				MTL_FAST_MATH = YES;
				SDKROOT = iphoneos;
				SWIFT_COMPILATION_MODE = wholemodule;
				SWIFT_OPTIMIZATION_LEVEL = "-O";
				VALIDATE_PRODUCT = YES;
			};
			name = Release;
		};
		06A5E38B274F014400F9B31C /* Debug */ = {
			isa = XCBuildConfiguration;
			baseConfigurationReference = F49F6132C7527277F390579F /* Pods-WalletApp.debug.xcconfig */;
			buildSettings = {
				ASSETCATALOG_COMPILER_APPICON_NAME = AppIcon;
				ASSETCATALOG_COMPILER_GLOBAL_ACCENT_COLOR_NAME = AccentColor;
				CODE_SIGN_STYLE = Automatic;
				DEVELOPMENT_TEAM = 657Z774V99;
				INFOPLIST_FILE = WalletApp/Info.plist;
				LD_RUNPATH_SEARCH_PATHS = (
					"$(inherited)",
					"@executable_path/Frameworks",
				);
				PRODUCT_BUNDLE_IDENTIFIER = "jp.softbank.i.m-107-sin.WalletApp";
				PRODUCT_NAME = "$(TARGET_NAME)";
				SWIFT_VERSION = 5.0;
				TARGETED_DEVICE_FAMILY = 1;
			};
			name = Debug;
		};
		06A5E38C274F014400F9B31C /* Release */ = {
			isa = XCBuildConfiguration;
			baseConfigurationReference = 02D817895A843F425F48183A /* Pods-WalletApp.release.xcconfig */;
			buildSettings = {
				ASSETCATALOG_COMPILER_APPICON_NAME = AppIcon;
				ASSETCATALOG_COMPILER_GLOBAL_ACCENT_COLOR_NAME = AccentColor;
				CODE_SIGN_STYLE = Automatic;
				DEVELOPMENT_TEAM = 657Z774V99;
				INFOPLIST_FILE = WalletApp/Info.plist;
				LD_RUNPATH_SEARCH_PATHS = (
					"$(inherited)",
					"@executable_path/Frameworks",
				);
				PRODUCT_BUNDLE_IDENTIFIER = "jp.softbank.i.m-107-sin.WalletApp";
				PRODUCT_NAME = "$(TARGET_NAME)";
				SWIFT_VERSION = 5.0;
				TARGETED_DEVICE_FAMILY = 1;
			};
			name = Release;
		};
		06A5E38E274F014400F9B31C /* Debug */ = {
			isa = XCBuildConfiguration;
			baseConfigurationReference = 2B783BEF5A5C00539647A9A1 /* Pods-WalletAppTests.debug.xcconfig */;
			buildSettings = {
				ALWAYS_EMBED_SWIFT_STANDARD_LIBRARIES = YES;
				BUNDLE_LOADER = "$(TEST_HOST)";
				CODE_SIGN_STYLE = Automatic;
				DEVELOPMENT_TEAM = 657Z774V99;
				INFOPLIST_FILE = WalletAppTests/Info.plist;
				IPHONEOS_DEPLOYMENT_TARGET = 14.5;
				LD_RUNPATH_SEARCH_PATHS = (
					"$(inherited)",
					"@executable_path/Frameworks",
					"@loader_path/Frameworks",
				);
				PRODUCT_BUNDLE_IDENTIFIER = "jp.softbank.i.m-107-sin.WalletAppTests";
				PRODUCT_NAME = "$(TARGET_NAME)";
				SWIFT_VERSION = 5.0;
				TARGETED_DEVICE_FAMILY = "1,2";
				TEST_HOST = "$(BUILT_PRODUCTS_DIR)/WalletApp.app/WalletApp";
			};
			name = Debug;
		};
		06A5E38F274F014400F9B31C /* Release */ = {
			isa = XCBuildConfiguration;
			baseConfigurationReference = 514611C57001D7C224B051E1 /* Pods-WalletAppTests.release.xcconfig */;
			buildSettings = {
				ALWAYS_EMBED_SWIFT_STANDARD_LIBRARIES = YES;
				BUNDLE_LOADER = "$(TEST_HOST)";
				CODE_SIGN_STYLE = Automatic;
				DEVELOPMENT_TEAM = 657Z774V99;
				INFOPLIST_FILE = WalletAppTests/Info.plist;
				IPHONEOS_DEPLOYMENT_TARGET = 14.5;
				LD_RUNPATH_SEARCH_PATHS = (
					"$(inherited)",
					"@executable_path/Frameworks",
					"@loader_path/Frameworks",
				);
				PRODUCT_BUNDLE_IDENTIFIER = "jp.softbank.i.m-107-sin.WalletAppTests";
				PRODUCT_NAME = "$(TARGET_NAME)";
				SWIFT_VERSION = 5.0;
				TARGETED_DEVICE_FAMILY = "1,2";
				TEST_HOST = "$(BUILT_PRODUCTS_DIR)/WalletApp.app/WalletApp";
			};
			name = Release;
		};
		06A5E391274F014400F9B31C /* Debug */ = {
			isa = XCBuildConfiguration;
			baseConfigurationReference = FFB776390D9F00B4ED0C39DC /* Pods-WalletApp-WalletAppUITests.debug.xcconfig */;
			buildSettings = {
				ALWAYS_EMBED_SWIFT_STANDARD_LIBRARIES = YES;
				CODE_SIGN_STYLE = Automatic;
				DEVELOPMENT_TEAM = 657Z774V99;
				INFOPLIST_FILE = WalletAppUITests/Info.plist;
				LD_RUNPATH_SEARCH_PATHS = (
					"$(inherited)",
					"@executable_path/Frameworks",
					"@loader_path/Frameworks",
				);
				PRODUCT_BUNDLE_IDENTIFIER = "jp.softbank.i.m-107-sin.WalletAppUITests";
				PRODUCT_NAME = "$(TARGET_NAME)";
				SWIFT_VERSION = 5.0;
				TARGETED_DEVICE_FAMILY = "1,2";
				TEST_TARGET_NAME = WalletApp;
			};
			name = Debug;
		};
		06A5E392274F014400F9B31C /* Release */ = {
			isa = XCBuildConfiguration;
			baseConfigurationReference = 3F106ABEB6DF41A0CE1B9318 /* Pods-WalletApp-WalletAppUITests.release.xcconfig */;
			buildSettings = {
				ALWAYS_EMBED_SWIFT_STANDARD_LIBRARIES = YES;
				CODE_SIGN_STYLE = Automatic;
				DEVELOPMENT_TEAM = 657Z774V99;
				INFOPLIST_FILE = WalletAppUITests/Info.plist;
				LD_RUNPATH_SEARCH_PATHS = (
					"$(inherited)",
					"@executable_path/Frameworks",
					"@loader_path/Frameworks",
				);
				PRODUCT_BUNDLE_IDENTIFIER = "jp.softbank.i.m-107-sin.WalletAppUITests";
				PRODUCT_NAME = "$(TARGET_NAME)";
				SWIFT_VERSION = 5.0;
				TARGETED_DEVICE_FAMILY = "1,2";
				TEST_TARGET_NAME = WalletApp;
			};
			name = Release;
		};
		06A5E3A7274F1BB600F9B31C /* Debug */ = {
			isa = XCBuildConfiguration;
			buildSettings = {
				CODE_SIGN_STYLE = Automatic;
				DEVELOPMENT_TEAM = 657Z774V99;
				PRODUCT_NAME = "$(TARGET_NAME)";
			};
			name = Debug;
		};
		06A5E3A8274F1BB600F9B31C /* Release */ = {
			isa = XCBuildConfiguration;
			buildSettings = {
				CODE_SIGN_STYLE = Automatic;
				DEVELOPMENT_TEAM = 657Z774V99;
				PRODUCT_NAME = "$(TARGET_NAME)";
			};
			name = Release;
		};
/* End XCBuildConfiguration section */

/* Begin XCConfigurationList section */
		06A5E35B274F014200F9B31C /* Build configuration list for PBXProject "WalletApp" */ = {
			isa = XCConfigurationList;
			buildConfigurations = (
				06A5E388274F014400F9B31C /* Debug */,
				06A5E389274F014400F9B31C /* Release */,
			);
			defaultConfigurationIsVisible = 0;
			defaultConfigurationName = Release;
		};
		06A5E38A274F014400F9B31C /* Build configuration list for PBXNativeTarget "WalletApp" */ = {
			isa = XCConfigurationList;
			buildConfigurations = (
				06A5E38B274F014400F9B31C /* Debug */,
				06A5E38C274F014400F9B31C /* Release */,
			);
			defaultConfigurationIsVisible = 0;
			defaultConfigurationName = Release;
		};
		06A5E38D274F014400F9B31C /* Build configuration list for PBXNativeTarget "WalletAppTests" */ = {
			isa = XCConfigurationList;
			buildConfigurations = (
				06A5E38E274F014400F9B31C /* Debug */,
				06A5E38F274F014400F9B31C /* Release */,
			);
			defaultConfigurationIsVisible = 0;
			defaultConfigurationName = Release;
		};
		06A5E390274F014400F9B31C /* Build configuration list for PBXNativeTarget "WalletAppUITests" */ = {
			isa = XCConfigurationList;
			buildConfigurations = (
				06A5E391274F014400F9B31C /* Debug */,
				06A5E392274F014400F9B31C /* Release */,
			);
			defaultConfigurationIsVisible = 0;
			defaultConfigurationName = Release;
		};
		06A5E3A6274F1BB600F9B31C /* Build configuration list for PBXAggregateTarget "SwiftGen" */ = {
			isa = XCConfigurationList;
			buildConfigurations = (
				06A5E3A7274F1BB600F9B31C /* Debug */,
				06A5E3A8274F1BB600F9B31C /* Release */,
			);
			defaultConfigurationIsVisible = 0;
			defaultConfigurationName = Release;
		};
/* End XCConfigurationList section */
	};
	rootObject = 06A5E358274F014200F9B31C /* Project object */;
}
